
Microsoft Visual Studio Solution File, Format Version 12.00
# Visual Studio Version 17
VisualStudioVersion = 17.1.32228.430
MinimumVisualStudioVersion = 10.0.40219.1
Project("{9A19103F-16F7-4668-BE54-9A1E7A4F7556}") = "BanksDemo.User", "BanksDemo\BanksDemo.Users\BanksDemo.User.csproj", "{0B188973-E7E9-453F-8FA7-6CAD959911D9}"
EndProject
Project("{9A19103F-16F7-4668-BE54-9A1E7A4F7556}") = "BanksDemo.Wallet", "BanksDemo\BanksDemo.Wallet\BanksDemo.Wallet.csproj", "{4E03B9F6-072A-4662-A6ED-66E00B2A6888}"
EndProject
Project("{9A19103F-16F7-4668-BE54-9A1E7A4F7556}") = "BanksDemo.Shared", "BanksDemo\BanksDemo.Shared\BanksDemo.Shared.csproj", "{3E5BBE22-96D2-4F96-BD3A-98D753CC40F8}"
EndProject
Project("{9A19103F-16F7-4668-BE54-9A1E7A4F7556}") = "BanksDemo.Transaction", "BanksDemo\BanksDemo.Transaction\BanksDemo.Transaction.csproj", "{D8E04BE4-305D-4B59-93B5-D1F39EB3AB9F}"
EndProject
Project("{9A19103F-16F7-4668-BE54-9A1E7A4F7556}") = "BanksDemo.Gateway", "BanksDemo\BanksDemo.Gateway\BanksDemo.Gateway.csproj", "{F505F4F3-2209-4EC4-ADCE-E48FBCD1B498}"
EndProject
Global
	GlobalSection(SolutionConfigurationPlatforms) = preSolution
		Debug|Any CPU = Debug|Any CPU
		Release|Any CPU = Release|Any CPU
	EndGlobalSection
	GlobalSection(ProjectConfigurationPlatforms) = postSolution
		{0B188973-E7E9-453F-8FA7-6CAD959911D9}.Debug|Any CPU.ActiveCfg = Debug|Any CPU
		{0B188973-E7E9-453F-8FA7-6CAD959911D9}.Debug|Any CPU.Build.0 = Debug|Any CPU
		{0B188973-E7E9-453F-8FA7-6CAD959911D9}.Release|Any CPU.ActiveCfg = Release|Any CPU
		{0B188973-E7E9-453F-8FA7-6CAD959911D9}.Release|Any CPU.Build.0 = Release|Any CPU
		{4E03B9F6-072A-4662-A6ED-66E00B2A6888}.Debug|Any CPU.ActiveCfg = Debug|Any CPU
		{4E03B9F6-072A-4662-A6ED-66E00B2A6888}.Debug|Any CPU.Build.0 = Debug|Any CPU
		{4E03B9F6-072A-4662-A6ED-66E00B2A6888}.Release|Any CPU.ActiveCfg = Release|Any CPU
		{4E03B9F6-072A-4662-A6ED-66E00B2A6888}.Release|Any CPU.Build.0 = Release|Any CPU
		{3E5BBE22-96D2-4F96-BD3A-98D753CC40F8}.Debug|Any CPU.ActiveCfg = Debug|Any CPU
		{3E5BBE22-96D2-4F96-BD3A-98D753CC40F8}.Debug|Any CPU.Build.0 = Debug|Any CPU
		{3E5BBE22-96D2-4F96-BD3A-98D753CC40F8}.Release|Any CPU.ActiveCfg = Release|Any CPU
		{3E5BBE22-96D2-4F96-BD3A-98D753CC40F8}.Release|Any CPU.Build.0 = Release|Any CPU
		{D8E04BE4-305D-4B59-93B5-D1F39EB3AB9F}.Debug|Any CPU.ActiveCfg = Debug|Any CPU
		{D8E04BE4-305D-4B59-93B5-D1F39EB3AB9F}.Debug|Any CPU.Build.0 = Debug|Any CPU
		{D8E04BE4-305D-4B59-93B5-D1F39EB3AB9F}.Release|Any CPU.ActiveCfg = Release|Any CPU
		{D8E04BE4-305D-4B59-93B5-D1F39EB3AB9F}.Release|Any CPU.Build.0 = Release|Any CPU
		{F505F4F3-2209-4EC4-ADCE-E48FBCD1B498}.Debug|Any CPU.ActiveCfg = Debug|Any CPU
		{F505F4F3-2209-4EC4-ADCE-E48FBCD1B498}.Debug|Any CPU.Build.0 = Debug|Any CPU
		{F505F4F3-2209-4EC4-ADCE-E48FBCD1B498}.Release|Any CPU.ActiveCfg = Release|Any CPU
		{F505F4F3-2209-4EC4-ADCE-E48FBCD1B498}.Release|Any CPU.Build.0 = Release|Any CPU
	EndGlobalSection
	GlobalSection(SolutionProperties) = preSolution
		HideSolutionNode = FALSE
	EndGlobalSection
	GlobalSection(ExtensibilityGlobals) = postSolution
		SolutionGuid = {BCDB6916-0143-48D8-A7FA-90A4FA1E6378}
	EndGlobalSection
EndGlobal
